
Microsoft Visual Studio Solution File, Format Version 12.00
Project("{FAE04EC0-301F-11D3-BF4B-00C04F79EFBC}") = "goreo", "goreo\goreo.csproj", "{E7C31375-523E-4F79-AE9E-DADF62E467FA}"
EndProject
Global
	GlobalSection(SolutionConfigurationPlatforms) = preSolution
		Debug|Any CPU = Debug|Any CPU
		Release|Any CPU = Release|Any CPU
	EndGlobalSection
	GlobalSection(ProjectConfigurationPlatforms) = postSolution
		{E7C31375-523E-4F79-AE9E-DADF62E467FA}.Debug|Any CPU.ActiveCfg = Debug|Any CPU
		{E7C31375-523E-4F79-AE9E-DADF62E467FA}.Debug|Any CPU.Build.0 = Debug|Any CPU
		{E7C31375-523E-4F79-AE9E-DADF62E467FA}.Release|Any CPU.ActiveCfg = Release|Any CPU
		{E7C31375-523E-4F79-AE9E-DADF62E467FA}.Release|Any CPU.Build.0 = Release|Any CPU
	EndGlobalSection
EndGlobal
